
Microsoft Visual Studio Solution File, Format Version 12.00
# Visual Studio Version 16
VisualStudioVersion = 16.0.34031.81
MinimumVisualStudioVersion = 10.0.40219.1
Project("{2150E333-8FDC-42A3-9474-1A3956D46DE8}") = "Task0", "Task0", "{E3B3605D-A6FB-4AE3-B899-03F576CEA0E3}"
EndProject
Project("{FAE04EC0-301F-11D3-BF4B-00C04F79EFBC}") = "Tyuiu.YuzhakovYM.Sprint4.Task0.V4", "Tyuiu.YuzhakovYM.Sprint4.Task0.V4\Tyuiu.YuzhakovYM.Sprint4.Task0.V4.csproj", "{A8B2B6CA-7F5F-4108-B851-2B8DC13EA06C}"
EndProject
Project("{FAE04EC0-301F-11D3-BF4B-00C04F79EFBC}") = "Tyuiu.YuzhakovYM.Sprint4.Task0.V4.Lib", "Tyuiu.YuzhakovYM.Sprint4.Task0.V4.Lib\Tyuiu.YuzhakovYM.Sprint4.Task0.V4.Lib.csproj", "{71220E46-7FB3-4BC8-8EFD-EA8A64DF6398}"
EndProject
Project("{FAE04EC0-301F-11D3-BF4B-00C04F79EFBC}") = "Tyuiu.YuzhakovYM.Sprint4.Task0.V4.Test", "Tyuiu.YuzhakovYM.Sprint4.Task0.V4.Test\Tyuiu.YuzhakovYM.Sprint4.Task0.V4.Test.csproj", "{01727603-6125-4BE1-A1AF-7B2ABF60A642}"
EndProject
Global
	GlobalSection(SolutionConfigurationPlatforms) = preSolution
		Debug|Any CPU = Debug|Any CPU
		Release|Any CPU = Release|Any CPU
	EndGlobalSection
	GlobalSection(ProjectConfigurationPlatforms) = postSolution
		{A8B2B6CA-7F5F-4108-B851-2B8DC13EA06C}.Debug|Any CPU.ActiveCfg = Debug|Any CPU
		{A8B2B6CA-7F5F-4108-B851-2B8DC13EA06C}.Debug|Any CPU.Build.0 = Debug|Any CPU
		{A8B2B6CA-7F5F-4108-B851-2B8DC13EA06C}.Release|Any CPU.ActiveCfg = Release|Any CPU
		{A8B2B6CA-7F5F-4108-B851-2B8DC13EA06C}.Release|Any CPU.Build.0 = Release|Any CPU
		{71220E46-7FB3-4BC8-8EFD-EA8A64DF6398}.Debug|Any CPU.ActiveCfg = Debug|Any CPU
		{71220E46-7FB3-4BC8-8EFD-EA8A64DF6398}.Debug|Any CPU.Build.0 = Debug|Any CPU
		{71220E46-7FB3-4BC8-8EFD-EA8A64DF6398}.Release|Any CPU.ActiveCfg = Release|Any CPU
		{71220E46-7FB3-4BC8-8EFD-EA8A64DF6398}.Release|Any CPU.Build.0 = Release|Any CPU
		{01727603-6125-4BE1-A1AF-7B2ABF60A642}.Debug|Any CPU.ActiveCfg = Debug|Any CPU
		{01727603-6125-4BE1-A1AF-7B2ABF60A642}.Debug|Any CPU.Build.0 = Debug|Any CPU
		{01727603-6125-4BE1-A1AF-7B2ABF60A642}.Release|Any CPU.ActiveCfg = Release|Any CPU
		{01727603-6125-4BE1-A1AF-7B2ABF60A642}.Release|Any CPU.Build.0 = Release|Any CPU
	EndGlobalSection
	GlobalSection(SolutionProperties) = preSolution
		HideSolutionNode = FALSE
	EndGlobalSection
	GlobalSection(NestedProjects) = preSolution
		{A8B2B6CA-7F5F-4108-B851-2B8DC13EA06C} = {E3B3605D-A6FB-4AE3-B899-03F576CEA0E3}
		{71220E46-7FB3-4BC8-8EFD-EA8A64DF6398} = {E3B3605D-A6FB-4AE3-B899-03F576CEA0E3}
		{01727603-6125-4BE1-A1AF-7B2ABF60A642} = {E3B3605D-A6FB-4AE3-B899-03F576CEA0E3}
	EndGlobalSection
	GlobalSection(ExtensibilityGlobals) = postSolution
		SolutionGuid = {45AC20C0-7BEB-46CC-8F7D-1A53D8278B04}
	EndGlobalSection
EndGlobal
