
Microsoft Visual Studio Solution File, Format Version 12.00
# Visual Studio Version 16
VisualStudioVersion = 16.0.34031.81
MinimumVisualStudioVersion = 10.0.40219.1
Project("{2150E333-8FDC-42A3-9474-1A3956D46DE8}") = "Task0", "Task0", "{E3B3605D-A6FB-4AE3-B899-03F576CEA0E3}"
EndProject
Project("{FAE04EC0-301F-11D3-BF4B-00C04F79EFBC}") = "Tyuiu.YuzhakovYM.Sprint4.Task0.V4", "Tyuiu.YuzhakovYM.Sprint4.Task0.V4\Tyuiu.YuzhakovYM.Sprint4.Task0.V4.csproj", "{A8B2B6CA-7F5F-4108-B851-2B8DC13EA06C}"
EndProject
Project("{FAE04EC0-301F-11D3-BF4B-00C04F79EFBC}") = "Tyuiu.YuzhakovYM.Sprint4.Task0.V4.Lib", "Tyuiu.YuzhakovYM.Sprint4.Task0.V4.Lib\Tyuiu.YuzhakovYM.Sprint4.Task0.V4.Lib.csproj", "{71220E46-7FB3-4BC8-8EFD-EA8A64DF6398}"
EndProject
Project("{FAE04EC0-301F-11D3-BF4B-00C04F79EFBC}") = "Tyuiu.YuzhakovYM.Sprint4.Task0.V4.Test", "Tyuiu.YuzhakovYM.Sprint4.Task0.V4.Test\Tyuiu.YuzhakovYM.Sprint4.Task0.V4.Test.csproj", "{01727603-6125-4BE1-A1AF-7B2ABF60A642}"
EndProject
Project("{2150E333-8FDC-42A3-9474-1A3956D46DE8}") = "Task1", "Task1", "{F62DBA11-0810-47FB-8782-010C82763D6D}"
EndProject
Project("{FAE04EC0-301F-11D3-BF4B-00C04F79EFBC}") = "Tyuiu.YuzhakovYM.Sprint4.Task1.V19", "Tyuiu.YuzhakovYM.Sprint4.Task1.V19\Tyuiu.YuzhakovYM.Sprint4.Task1.V19.csproj", "{A60B4DD9-A8A0-49D1-AB41-EEA0D521279B}"
EndProject
Project("{FAE04EC0-301F-11D3-BF4B-00C04F79EFBC}") = "Tyuiu.YuzhakovYM.Sprint4.Task1.V19.Lib", "Tyuiu.YuzhakovYM.Sprint4.Task1.V19.Lib\Tyuiu.YuzhakovYM.Sprint4.Task1.V19.Lib.csproj", "{668777B6-FB0D-4F23-AD79-10101B9F8F7D}"
EndProject
Project("{FAE04EC0-301F-11D3-BF4B-00C04F79EFBC}") = "Tyuiu.YuzhakovYM.Sprint4.Task1.V19.Test", "Tyuiu.YuzhakovYM.Sprint4.Task1.V19.Test\Tyuiu.YuzhakovYM.Sprint4.Task1.V19.Test.csproj", "{11BA6CCC-9AA6-4EC5-A84C-5C1B48605BF2}"
EndProject
Project("{2150E333-8FDC-42A3-9474-1A3956D46DE8}") = "Task2", "Task2", "{B5BF9C4B-2BF4-40B2-AD59-DE455E522E54}"
EndProject
Project("{FAE04EC0-301F-11D3-BF4B-00C04F79EFBC}") = "Tyuiu.YuzhakovYM.Sprint4.Task2.V17", "Tyuiu.YuzhakovYM.Sprint4.Task2.V17\Tyuiu.YuzhakovYM.Sprint4.Task2.V17.csproj", "{304EA117-7137-4D28-BB68-403B10430AB7}"
EndProject
Project("{FAE04EC0-301F-11D3-BF4B-00C04F79EFBC}") = "Tyuiu.YuzhakovYM.Sprint4.Task2.V17.Lib", "Tyuiu.YuzhakovYM.Sprint4.Task2.V17.Lib\Tyuiu.YuzhakovYM.Sprint4.Task2.V17.Lib.csproj", "{3CCDDA81-0A02-4E57-9CB6-DBEB3F5831F0}"
EndProject
Project("{FAE04EC0-301F-11D3-BF4B-00C04F79EFBC}") = "Tyuiu.YuzhakovYM.Sprint4.Task2.V17.Test", "Tyuiu.YuzhakovYM.Sprint4.Task2.V17.Test\Tyuiu.YuzhakovYM.Sprint4.Task2.V17.Test.csproj", "{F0F110A7-0A1D-48C1-9E5A-942948BD5102}"
EndProject
Project("{2150E333-8FDC-42A3-9474-1A3956D46DE8}") = "Task3", "Task3", "{2167A065-3C65-43C5-9EDC-5F5A63A9E97B}"
EndProject
Project("{FAE04EC0-301F-11D3-BF4B-00C04F79EFBC}") = "Tyuiu.YuzhakovYM.Sprint4.Task3.V1", "Tyuiu.YuzhakovYM.Sprint4.Task3.V1\Tyuiu.YuzhakovYM.Sprint4.Task3.V1.csproj", "{75E7F5FF-64A4-469C-A828-21ACB6BE6328}"
EndProject
Project("{FAE04EC0-301F-11D3-BF4B-00C04F79EFBC}") = "Tyuiu.YuzhakovYM.Sprint4.Task3.V1.Lib", "Tyuiu.YuzhakovYM.Sprint4.Task3.V1.Lib\Tyuiu.YuzhakovYM.Sprint4.Task3.V1.Lib.csproj", "{F09FA8F2-FD2A-420B-A716-5EA7ED85395F}"
EndProject
Project("{FAE04EC0-301F-11D3-BF4B-00C04F79EFBC}") = "Tyuiu.YuzhakovYM.Sprint4.Task3.V1.Test", "Tyuiu.YuzhakovYM.Sprint4.Task3.V1.Test\Tyuiu.YuzhakovYM.Sprint4.Task3.V1.Test.csproj", "{3975CEAF-4191-4535-9D8F-ABD771F4C02E}"
EndProject
Project("{2150E333-8FDC-42A3-9474-1A3956D46DE8}") = "Task4", "Task4", "{E08BC4B4-E9DD-4B66-B76A-654141967965}"
EndProject
Project("{FAE04EC0-301F-11D3-BF4B-00C04F79EFBC}") = "Tyuiu.YuzhakovYM.Sprint4.Task4.V30", "Tyuiu.YuzhakovYM.Sprint4.Task4.V30\Tyuiu.YuzhakovYM.Sprint4.Task4.V30.csproj", "{3807F987-FF3E-4EAE-987A-128B12240A91}"
EndProject
Project("{FAE04EC0-301F-11D3-BF4B-00C04F79EFBC}") = "Tyuiu.YuzhakovYM.Sprint4.Task4.V30.Lib", "Tyuiu.YuzhakovYM.Sprint4.Task4.V30.Lib\Tyuiu.YuzhakovYM.Sprint4.Task4.V30.Lib.csproj", "{3A9CDAE5-B522-4407-ACB0-DF0075F7B210}"
EndProject
Project("{FAE04EC0-301F-11D3-BF4B-00C04F79EFBC}") = "Tyuiu.YuzhakovYM.Sprint4.Task4.V30.Test", "Tyuiu.YuzhakovYM.Sprint4.Task4.V30.Test\Tyuiu.YuzhakovYM.Sprint4.Task4.V30.Test.csproj", "{14F43072-0938-476A-8C38-6CAB4FD7482F}"
EndProject
Project("{2150E333-8FDC-42A3-9474-1A3956D46DE8}") = "Task5", "Task5", "{4E9841BF-5B64-4869-B726-E92D7AC30DBF}"
EndProject
Project("{FAE04EC0-301F-11D3-BF4B-00C04F79EFBC}") = "Tyuiu.YuzhakovYM.Sprint4.Task5.V4", "Tyuiu.YuzhakovYM.Sprint4.Task5.V4\Tyuiu.YuzhakovYM.Sprint4.Task5.V4.csproj", "{CE62AEF4-42CD-4B1D-8D95-DB1FF7781C68}"
EndProject
Project("{FAE04EC0-301F-11D3-BF4B-00C04F79EFBC}") = "Tyuiu.YuzhakovYM.Sprint4.Task5.V4.Lib", "Tyuiu.YuzhakovYM.Sprint4.Task5.V4.Lib\Tyuiu.YuzhakovYM.Sprint4.Task5.V4.Lib.csproj", "{31DCA77C-5BF1-4FA9-96B0-B48A45E95613}"
EndProject
Project("{FAE04EC0-301F-11D3-BF4B-00C04F79EFBC}") = "Tyuiu.YuzhakovYM.Sprint4.Task5.V4.Test", "Tyuiu.YuzhakovYM.Sprint4.Task5.V4.Test\Tyuiu.YuzhakovYM.Sprint4.Task5.V4.Test.csproj", "{D90CBBA7-088F-4843-B6EA-87EF19E78A51}"
EndProject
Project("{2150E333-8FDC-42A3-9474-1A3956D46DE8}") = "Task6", "Task6", "{FFFC3FE5-C4BD-4ADB-ADAF-02A262405A02}"
EndProject
Project("{FAE04EC0-301F-11D3-BF4B-00C04F79EFBC}") = "Tyuiu.YuzhakovYM.Sprint4.Task6.V21", "Tyuiu.YuzhakovYM.Sprint4.Task6.V21\Tyuiu.YuzhakovYM.Sprint4.Task6.V21.csproj", "{4F19C82F-FC63-4623-8321-82E3B28FC949}"
EndProject
Project("{FAE04EC0-301F-11D3-BF4B-00C04F79EFBC}") = "Tyuiu.YuzhakovYM.Sprint4.Task6.V21.Lib", "Tyuiu.YuzhakovYM.Sprint4.Task6.V21.Lib\Tyuiu.YuzhakovYM.Sprint4.Task6.V21.Lib.csproj", "{B8548CD1-AE6B-49BF-B77D-96C6A70082B9}"
EndProject
Project("{FAE04EC0-301F-11D3-BF4B-00C04F79EFBC}") = "Tyuiu.YuzhakovYM.Sprint4.Task6.V21.Test", "Tyuiu.YuzhakovYM.Sprint4.Task6.V21.Test\Tyuiu.YuzhakovYM.Sprint4.Task6.V21.Test.csproj", "{CF697929-384C-453F-8788-CE7585B3B382}"
EndProject
Project("{2150E333-8FDC-42A3-9474-1A3956D46DE8}") = "Task7", "Task7", "{D26BF128-7484-4904-9798-ED8EC0F20474}"
EndProject
Project("{FAE04EC0-301F-11D3-BF4B-00C04F79EFBC}") = "Tyuiu.YuzhakovYM.Sprint4.Task7.V22", "Tyuiu.YuzhakovYM.Sprint4.Task7.V22\Tyuiu.YuzhakovYM.Sprint4.Task7.V22.csproj", "{4E884509-A353-42F8-92D1-39E8C3342F43}"
EndProject
Project("{FAE04EC0-301F-11D3-BF4B-00C04F79EFBC}") = "Tyuiu.YuzhakovYM.Sprint4.Task7.V22.Lib", "Tyuiu.YuzhakovYM.Sprint4.Task7.V22.Lib\Tyuiu.YuzhakovYM.Sprint4.Task7.V22.Lib.csproj", "{093CEEF9-C6A6-4FB8-87AA-BA9D424FEBAC}"
EndProject
Project("{FAE04EC0-301F-11D3-BF4B-00C04F79EFBC}") = "Tyuiu.YuzhakovYM.Sprint4.Task7.V22.Test", "Tyuiu.YuzhakovYM.Sprint4.Task7.V22.Test\Tyuiu.YuzhakovYM.Sprint4.Task7.V22.Test.csproj", "{58D93580-C9EF-410F-BE26-51D9CB0DE915}"
EndProject
Global
	GlobalSection(SolutionConfigurationPlatforms) = preSolution
		Debug|Any CPU = Debug|Any CPU
		Release|Any CPU = Release|Any CPU
	EndGlobalSection
	GlobalSection(ProjectConfigurationPlatforms) = postSolution
		{A8B2B6CA-7F5F-4108-B851-2B8DC13EA06C}.Debug|Any CPU.ActiveCfg = Debug|Any CPU
		{A8B2B6CA-7F5F-4108-B851-2B8DC13EA06C}.Debug|Any CPU.Build.0 = Debug|Any CPU
		{A8B2B6CA-7F5F-4108-B851-2B8DC13EA06C}.Release|Any CPU.ActiveCfg = Release|Any CPU
		{A8B2B6CA-7F5F-4108-B851-2B8DC13EA06C}.Release|Any CPU.Build.0 = Release|Any CPU
		{71220E46-7FB3-4BC8-8EFD-EA8A64DF6398}.Debug|Any CPU.ActiveCfg = Debug|Any CPU
		{71220E46-7FB3-4BC8-8EFD-EA8A64DF6398}.Debug|Any CPU.Build.0 = Debug|Any CPU
		{71220E46-7FB3-4BC8-8EFD-EA8A64DF6398}.Release|Any CPU.ActiveCfg = Release|Any CPU
		{71220E46-7FB3-4BC8-8EFD-EA8A64DF6398}.Release|Any CPU.Build.0 = Release|Any CPU
		{01727603-6125-4BE1-A1AF-7B2ABF60A642}.Debug|Any CPU.ActiveCfg = Debug|Any CPU
		{01727603-6125-4BE1-A1AF-7B2ABF60A642}.Debug|Any CPU.Build.0 = Debug|Any CPU
		{01727603-6125-4BE1-A1AF-7B2ABF60A642}.Release|Any CPU.ActiveCfg = Release|Any CPU
		{01727603-6125-4BE1-A1AF-7B2ABF60A642}.Release|Any CPU.Build.0 = Release|Any CPU
		{A60B4DD9-A8A0-49D1-AB41-EEA0D521279B}.Debug|Any CPU.ActiveCfg = Debug|Any CPU
		{A60B4DD9-A8A0-49D1-AB41-EEA0D521279B}.Debug|Any CPU.Build.0 = Debug|Any CPU
		{A60B4DD9-A8A0-49D1-AB41-EEA0D521279B}.Release|Any CPU.ActiveCfg = Release|Any CPU
		{A60B4DD9-A8A0-49D1-AB41-EEA0D521279B}.Release|Any CPU.Build.0 = Release|Any CPU
		{668777B6-FB0D-4F23-AD79-10101B9F8F7D}.Debug|Any CPU.ActiveCfg = Debug|Any CPU
		{668777B6-FB0D-4F23-AD79-10101B9F8F7D}.Debug|Any CPU.Build.0 = Debug|Any CPU
		{668777B6-FB0D-4F23-AD79-10101B9F8F7D}.Release|Any CPU.ActiveCfg = Release|Any CPU
		{668777B6-FB0D-4F23-AD79-10101B9F8F7D}.Release|Any CPU.Build.0 = Release|Any CPU
		{11BA6CCC-9AA6-4EC5-A84C-5C1B48605BF2}.Debug|Any CPU.ActiveCfg = Debug|Any CPU
		{11BA6CCC-9AA6-4EC5-A84C-5C1B48605BF2}.Debug|Any CPU.Build.0 = Debug|Any CPU
		{11BA6CCC-9AA6-4EC5-A84C-5C1B48605BF2}.Release|Any CPU.ActiveCfg = Release|Any CPU
		{11BA6CCC-9AA6-4EC5-A84C-5C1B48605BF2}.Release|Any CPU.Build.0 = Release|Any CPU
		{304EA117-7137-4D28-BB68-403B10430AB7}.Debug|Any CPU.ActiveCfg = Debug|Any CPU
		{304EA117-7137-4D28-BB68-403B10430AB7}.Debug|Any CPU.Build.0 = Debug|Any CPU
		{304EA117-7137-4D28-BB68-403B10430AB7}.Release|Any CPU.ActiveCfg = Release|Any CPU
		{304EA117-7137-4D28-BB68-403B10430AB7}.Release|Any CPU.Build.0 = Release|Any CPU
		{3CCDDA81-0A02-4E57-9CB6-DBEB3F5831F0}.Debug|Any CPU.ActiveCfg = Debug|Any CPU
		{3CCDDA81-0A02-4E57-9CB6-DBEB3F5831F0}.Debug|Any CPU.Build.0 = Debug|Any CPU
		{3CCDDA81-0A02-4E57-9CB6-DBEB3F5831F0}.Release|Any CPU.ActiveCfg = Release|Any CPU
		{3CCDDA81-0A02-4E57-9CB6-DBEB3F5831F0}.Release|Any CPU.Build.0 = Release|Any CPU
		{F0F110A7-0A1D-48C1-9E5A-942948BD5102}.Debug|Any CPU.ActiveCfg = Debug|Any CPU
		{F0F110A7-0A1D-48C1-9E5A-942948BD5102}.Debug|Any CPU.Build.0 = Debug|Any CPU
		{F0F110A7-0A1D-48C1-9E5A-942948BD5102}.Release|Any CPU.ActiveCfg = Release|Any CPU
		{F0F110A7-0A1D-48C1-9E5A-942948BD5102}.Release|Any CPU.Build.0 = Release|Any CPU
		{75E7F5FF-64A4-469C-A828-21ACB6BE6328}.Debug|Any CPU.ActiveCfg = Debug|Any CPU
		{75E7F5FF-64A4-469C-A828-21ACB6BE6328}.Debug|Any CPU.Build.0 = Debug|Any CPU
		{75E7F5FF-64A4-469C-A828-21ACB6BE6328}.Release|Any CPU.ActiveCfg = Release|Any CPU
		{75E7F5FF-64A4-469C-A828-21ACB6BE6328}.Release|Any CPU.Build.0 = Release|Any CPU
		{F09FA8F2-FD2A-420B-A716-5EA7ED85395F}.Debug|Any CPU.ActiveCfg = Debug|Any CPU
		{F09FA8F2-FD2A-420B-A716-5EA7ED85395F}.Debug|Any CPU.Build.0 = Debug|Any CPU
		{F09FA8F2-FD2A-420B-A716-5EA7ED85395F}.Release|Any CPU.ActiveCfg = Release|Any CPU
		{F09FA8F2-FD2A-420B-A716-5EA7ED85395F}.Release|Any CPU.Build.0 = Release|Any CPU
		{3975CEAF-4191-4535-9D8F-ABD771F4C02E}.Debug|Any CPU.ActiveCfg = Debug|Any CPU
		{3975CEAF-4191-4535-9D8F-ABD771F4C02E}.Debug|Any CPU.Build.0 = Debug|Any CPU
		{3975CEAF-4191-4535-9D8F-ABD771F4C02E}.Release|Any CPU.ActiveCfg = Release|Any CPU
		{3975CEAF-4191-4535-9D8F-ABD771F4C02E}.Release|Any CPU.Build.0 = Release|Any CPU
		{3807F987-FF3E-4EAE-987A-128B12240A91}.Debug|Any CPU.ActiveCfg = Debug|Any CPU
		{3807F987-FF3E-4EAE-987A-128B12240A91}.Debug|Any CPU.Build.0 = Debug|Any CPU
		{3807F987-FF3E-4EAE-987A-128B12240A91}.Release|Any CPU.ActiveCfg = Release|Any CPU
		{3807F987-FF3E-4EAE-987A-128B12240A91}.Release|Any CPU.Build.0 = Release|Any CPU
		{3A9CDAE5-B522-4407-ACB0-DF0075F7B210}.Debug|Any CPU.ActiveCfg = Debug|Any CPU
		{3A9CDAE5-B522-4407-ACB0-DF0075F7B210}.Debug|Any CPU.Build.0 = Debug|Any CPU
		{3A9CDAE5-B522-4407-ACB0-DF0075F7B210}.Release|Any CPU.ActiveCfg = Release|Any CPU
		{3A9CDAE5-B522-4407-ACB0-DF0075F7B210}.Release|Any CPU.Build.0 = Release|Any CPU
		{14F43072-0938-476A-8C38-6CAB4FD7482F}.Debug|Any CPU.ActiveCfg = Debug|Any CPU
		{14F43072-0938-476A-8C38-6CAB4FD7482F}.Debug|Any CPU.Build.0 = Debug|Any CPU
		{14F43072-0938-476A-8C38-6CAB4FD7482F}.Release|Any CPU.ActiveCfg = Release|Any CPU
		{14F43072-0938-476A-8C38-6CAB4FD7482F}.Release|Any CPU.Build.0 = Release|Any CPU
		{CE62AEF4-42CD-4B1D-8D95-DB1FF7781C68}.Debug|Any CPU.ActiveCfg = Debug|Any CPU
		{CE62AEF4-42CD-4B1D-8D95-DB1FF7781C68}.Debug|Any CPU.Build.0 = Debug|Any CPU
		{CE62AEF4-42CD-4B1D-8D95-DB1FF7781C68}.Release|Any CPU.ActiveCfg = Release|Any CPU
		{CE62AEF4-42CD-4B1D-8D95-DB1FF7781C68}.Release|Any CPU.Build.0 = Release|Any CPU
		{31DCA77C-5BF1-4FA9-96B0-B48A45E95613}.Debug|Any CPU.ActiveCfg = Debug|Any CPU
		{31DCA77C-5BF1-4FA9-96B0-B48A45E95613}.Debug|Any CPU.Build.0 = Debug|Any CPU
		{31DCA77C-5BF1-4FA9-96B0-B48A45E95613}.Release|Any CPU.ActiveCfg = Release|Any CPU
		{31DCA77C-5BF1-4FA9-96B0-B48A45E95613}.Release|Any CPU.Build.0 = Release|Any CPU
		{D90CBBA7-088F-4843-B6EA-87EF19E78A51}.Debug|Any CPU.ActiveCfg = Debug|Any CPU
		{D90CBBA7-088F-4843-B6EA-87EF19E78A51}.Debug|Any CPU.Build.0 = Debug|Any CPU
		{D90CBBA7-088F-4843-B6EA-87EF19E78A51}.Release|Any CPU.ActiveCfg = Release|Any CPU
		{D90CBBA7-088F-4843-B6EA-87EF19E78A51}.Release|Any CPU.Build.0 = Release|Any CPU
		{4F19C82F-FC63-4623-8321-82E3B28FC949}.Debug|Any CPU.ActiveCfg = Debug|Any CPU
		{4F19C82F-FC63-4623-8321-82E3B28FC949}.Debug|Any CPU.Build.0 = Debug|Any CPU
		{4F19C82F-FC63-4623-8321-82E3B28FC949}.Release|Any CPU.ActiveCfg = Release|Any CPU
		{4F19C82F-FC63-4623-8321-82E3B28FC949}.Release|Any CPU.Build.0 = Release|Any CPU
		{B8548CD1-AE6B-49BF-B77D-96C6A70082B9}.Debug|Any CPU.ActiveCfg = Debug|Any CPU
		{B8548CD1-AE6B-49BF-B77D-96C6A70082B9}.Debug|Any CPU.Build.0 = Debug|Any CPU
		{B8548CD1-AE6B-49BF-B77D-96C6A70082B9}.Release|Any CPU.ActiveCfg = Release|Any CPU
		{B8548CD1-AE6B-49BF-B77D-96C6A70082B9}.Release|Any CPU.Build.0 = Release|Any CPU
		{CF697929-384C-453F-8788-CE7585B3B382}.Debug|Any CPU.ActiveCfg = Debug|Any CPU
		{CF697929-384C-453F-8788-CE7585B3B382}.Debug|Any CPU.Build.0 = Debug|Any CPU
		{CF697929-384C-453F-8788-CE7585B3B382}.Release|Any CPU.ActiveCfg = Release|Any CPU
		{CF697929-384C-453F-8788-CE7585B3B382}.Release|Any CPU.Build.0 = Release|Any CPU
		{4E884509-A353-42F8-92D1-39E8C3342F43}.Debug|Any CPU.ActiveCfg = Debug|Any CPU
		{4E884509-A353-42F8-92D1-39E8C3342F43}.Debug|Any CPU.Build.0 = Debug|Any CPU
		{4E884509-A353-42F8-92D1-39E8C3342F43}.Release|Any CPU.ActiveCfg = Release|Any CPU
		{4E884509-A353-42F8-92D1-39E8C3342F43}.Release|Any CPU.Build.0 = Release|Any CPU
		{093CEEF9-C6A6-4FB8-87AA-BA9D424FEBAC}.Debug|Any CPU.ActiveCfg = Debug|Any CPU
		{093CEEF9-C6A6-4FB8-87AA-BA9D424FEBAC}.Debug|Any CPU.Build.0 = Debug|Any CPU
		{093CEEF9-C6A6-4FB8-87AA-BA9D424FEBAC}.Release|Any CPU.ActiveCfg = Release|Any CPU
		{093CEEF9-C6A6-4FB8-87AA-BA9D424FEBAC}.Release|Any CPU.Build.0 = Release|Any CPU
		{58D93580-C9EF-410F-BE26-51D9CB0DE915}.Debug|Any CPU.ActiveCfg = Debug|Any CPU
		{58D93580-C9EF-410F-BE26-51D9CB0DE915}.Debug|Any CPU.Build.0 = Debug|Any CPU
		{58D93580-C9EF-410F-BE26-51D9CB0DE915}.Release|Any CPU.ActiveCfg = Release|Any CPU
		{58D93580-C9EF-410F-BE26-51D9CB0DE915}.Release|Any CPU.Build.0 = Release|Any CPU
	EndGlobalSection
	GlobalSection(SolutionProperties) = preSolution
		HideSolutionNode = FALSE
	EndGlobalSection
	GlobalSection(NestedProjects) = preSolution
		{A8B2B6CA-7F5F-4108-B851-2B8DC13EA06C} = {E3B3605D-A6FB-4AE3-B899-03F576CEA0E3}
		{71220E46-7FB3-4BC8-8EFD-EA8A64DF6398} = {E3B3605D-A6FB-4AE3-B899-03F576CEA0E3}
		{01727603-6125-4BE1-A1AF-7B2ABF60A642} = {E3B3605D-A6FB-4AE3-B899-03F576CEA0E3}
		{A60B4DD9-A8A0-49D1-AB41-EEA0D521279B} = {F62DBA11-0810-47FB-8782-010C82763D6D}
		{668777B6-FB0D-4F23-AD79-10101B9F8F7D} = {F62DBA11-0810-47FB-8782-010C82763D6D}
		{11BA6CCC-9AA6-4EC5-A84C-5C1B48605BF2} = {F62DBA11-0810-47FB-8782-010C82763D6D}
		{304EA117-7137-4D28-BB68-403B10430AB7} = {B5BF9C4B-2BF4-40B2-AD59-DE455E522E54}
		{3CCDDA81-0A02-4E57-9CB6-DBEB3F5831F0} = {B5BF9C4B-2BF4-40B2-AD59-DE455E522E54}
		{F0F110A7-0A1D-48C1-9E5A-942948BD5102} = {B5BF9C4B-2BF4-40B2-AD59-DE455E522E54}
		{75E7F5FF-64A4-469C-A828-21ACB6BE6328} = {2167A065-3C65-43C5-9EDC-5F5A63A9E97B}
		{F09FA8F2-FD2A-420B-A716-5EA7ED85395F} = {2167A065-3C65-43C5-9EDC-5F5A63A9E97B}
		{3975CEAF-4191-4535-9D8F-ABD771F4C02E} = {2167A065-3C65-43C5-9EDC-5F5A63A9E97B}
		{3807F987-FF3E-4EAE-987A-128B12240A91} = {E08BC4B4-E9DD-4B66-B76A-654141967965}
		{3A9CDAE5-B522-4407-ACB0-DF0075F7B210} = {E08BC4B4-E9DD-4B66-B76A-654141967965}
		{14F43072-0938-476A-8C38-6CAB4FD7482F} = {E08BC4B4-E9DD-4B66-B76A-654141967965}
		{CE62AEF4-42CD-4B1D-8D95-DB1FF7781C68} = {4E9841BF-5B64-4869-B726-E92D7AC30DBF}
		{31DCA77C-5BF1-4FA9-96B0-B48A45E95613} = {4E9841BF-5B64-4869-B726-E92D7AC30DBF}
		{D90CBBA7-088F-4843-B6EA-87EF19E78A51} = {4E9841BF-5B64-4869-B726-E92D7AC30DBF}
		{4F19C82F-FC63-4623-8321-82E3B28FC949} = {FFFC3FE5-C4BD-4ADB-ADAF-02A262405A02}
		{B8548CD1-AE6B-49BF-B77D-96C6A70082B9} = {FFFC3FE5-C4BD-4ADB-ADAF-02A262405A02}
		{CF697929-384C-453F-8788-CE7585B3B382} = {FFFC3FE5-C4BD-4ADB-ADAF-02A262405A02}
		{4E884509-A353-42F8-92D1-39E8C3342F43} = {D26BF128-7484-4904-9798-ED8EC0F20474}
		{093CEEF9-C6A6-4FB8-87AA-BA9D424FEBAC} = {D26BF128-7484-4904-9798-ED8EC0F20474}
		{58D93580-C9EF-410F-BE26-51D9CB0DE915} = {D26BF128-7484-4904-9798-ED8EC0F20474}
	EndGlobalSection
	GlobalSection(ExtensibilityGlobals) = postSolution
		SolutionGuid = {45AC20C0-7BEB-46CC-8F7D-1A53D8278B04}
	EndGlobalSection
EndGlobal
